
Microsoft Visual Studio Solution File, Format Version 12.00
# Visual Studio Version 17
VisualStudioVersion = 17.10.34928.147
MinimumVisualStudioVersion = 10.0.40219.1
Project("{9A19103F-16F7-4668-BE54-9A1E7A4F7556}") = "StoreApp", "StoreApp\StoreApp.csproj", "{FFF768D2-99B2-41AC-8F97-1A3EBF16A3C4}"
EndProject
Project("{9A19103F-16F7-4668-BE54-9A1E7A4F7556}") = "Entities", "Entities\Entities.csproj", "{77002054-60A4-4301-BC6D-1F936C82416E}"
EndProject
Project("{9A19103F-16F7-4668-BE54-9A1E7A4F7556}") = "Repositories", "Repositories\Repositories.csproj", "{39A08354-A483-471D-B214-4D40C09898E5}"
EndProject
Project("{9A19103F-16F7-4668-BE54-9A1E7A4F7556}") = "Services", "Services\Services.csproj", "{DF0D88A0-4693-407F-85D2-2593246D4DAE}"
EndProject
Global
	GlobalSection(SolutionConfigurationPlatforms) = preSolution
		Debug|Any CPU = Debug|Any CPU
		Release|Any CPU = Release|Any CPU
	EndGlobalSection
	GlobalSection(ProjectConfigurationPlatforms) = postSolution
		{FFF768D2-99B2-41AC-8F97-1A3EBF16A3C4}.Debug|Any CPU.ActiveCfg = Debug|Any CPU
		{FFF768D2-99B2-41AC-8F97-1A3EBF16A3C4}.Debug|Any CPU.Build.0 = Debug|Any CPU
		{FFF768D2-99B2-41AC-8F97-1A3EBF16A3C4}.Release|Any CPU.ActiveCfg = Release|Any CPU
		{FFF768D2-99B2-41AC-8F97-1A3EBF16A3C4}.Release|Any CPU.Build.0 = Release|Any CPU
		{77002054-60A4-4301-BC6D-1F936C82416E}.Debug|Any CPU.ActiveCfg = Debug|Any CPU
		{77002054-60A4-4301-BC6D-1F936C82416E}.Debug|Any CPU.Build.0 = Debug|Any CPU
		{77002054-60A4-4301-BC6D-1F936C82416E}.Release|Any CPU.ActiveCfg = Release|Any CPU
		{77002054-60A4-4301-BC6D-1F936C82416E}.Release|Any CPU.Build.0 = Release|Any CPU
		{39A08354-A483-471D-B214-4D40C09898E5}.Debug|Any CPU.ActiveCfg = Debug|Any CPU
		{39A08354-A483-471D-B214-4D40C09898E5}.Debug|Any CPU.Build.0 = Debug|Any CPU
		{39A08354-A483-471D-B214-4D40C09898E5}.Release|Any CPU.ActiveCfg = Release|Any CPU
		{39A08354-A483-471D-B214-4D40C09898E5}.Release|Any CPU.Build.0 = Release|Any CPU
		{DF0D88A0-4693-407F-85D2-2593246D4DAE}.Debug|Any CPU.ActiveCfg = Debug|Any CPU
		{DF0D88A0-4693-407F-85D2-2593246D4DAE}.Debug|Any CPU.Build.0 = Debug|Any CPU
		{DF0D88A0-4693-407F-85D2-2593246D4DAE}.Release|Any CPU.ActiveCfg = Release|Any CPU
		{DF0D88A0-4693-407F-85D2-2593246D4DAE}.Release|Any CPU.Build.0 = Release|Any CPU
	EndGlobalSection
	GlobalSection(SolutionProperties) = preSolution
		HideSolutionNode = FALSE
	EndGlobalSection
	GlobalSection(ExtensibilityGlobals) = postSolution
		SolutionGuid = {54D02EA1-74CF-47E6-85C1-98852E1FC394}
	EndGlobalSection
EndGlobal
